
Microsoft Visual Studio Solution File, Format Version 12.00
# Visual Studio 14
VisualStudioVersion = 14.0.25420.1
MinimumVisualStudioVersion = 10.0.40219.1
Project("{2150E333-8FDC-42A3-9474-1A3956D46DE8}") = "VideoStore.Application", "VideoStore.Application", "{FC0CADD9-162D-4370-A0D0-B31FA3479D2F}"
EndProject
Project("{2150E333-8FDC-42A3-9474-1A3956D46DE8}") = "Common", "Common", "{D1D8EA0F-B22D-47AB-A706-6AC60CB2806E}"
EndProject
Project("{2150E333-8FDC-42A3-9474-1A3956D46DE8}") = "VideoStore.Business", "VideoStore.Business", "{4194D13A-DC47-4C8D-9919-FCBB0BEBD083}"
EndProject
Project("{2150E333-8FDC-42A3-9474-1A3956D46DE8}") = "VideoStore.Services", "VideoStore.Services", "{BB38E6C9-7D40-4A7E-B3D0-3EEB878A4EBA}"
EndProject
Project("{2150E333-8FDC-42A3-9474-1A3956D46DE8}") = "VideoStore.Presentation", "VideoStore.Presentation", "{625531F7-F011-483D-A7A2-285848E835A8}"
EndProject
Project("{FAE04EC0-301F-11D3-BF4B-00C04F79EFBC}") = "Common", "Common\Common.csproj", "{C2D987A4-AD05-4C0B-B285-5B64B0132DF9}"
EndProject
Project("{FAE04EC0-301F-11D3-BF4B-00C04F79EFBC}") = "VideoStore.Business.Entities", "VideoStore.Entities\VideoStore.Business.Entities\VideoStore.Business.Entities.csproj", "{35992EC3-2C32-46AF-AEE4-491C54F681A5}"
EndProject
Project("{FAE04EC0-301F-11D3-BF4B-00C04F79EFBC}") = "VideoStore.Business.Components.Interfaces", "VideoStore.Business.Components.Interfaces\VideoStore.Business.Components.Interfaces.csproj", "{2851CEF3-00F9-4AFB-9306-0D6E0BDD45E3}"
EndProject
Project("{FAE04EC0-301F-11D3-BF4B-00C04F79EFBC}") = "VideoStore.Business.Components", "VideoStore.Business.Components\VideoStore.Business.Components.csproj", "{8487AF38-AA02-40B8-8DDD-898D0FB40E33}"
EndProject
Project("{FAE04EC0-301F-11D3-BF4B-00C04F79EFBC}") = "VideoStore.Process", "VideoStore.Process\VideoStore.Process.csproj", "{98ED3E6A-BF59-4394-B51D-2AF128C9F312}"
EndProject
Project("{FAE04EC0-301F-11D3-BF4B-00C04F79EFBC}") = "VideoStore.WebClient", "VideoStore.WebClient\VideoStore.WebClient.csproj", "{6A0AEBB1-060F-4A88-B18E-448935063E1A}"
EndProject
Project("{FAE04EC0-301F-11D3-BF4B-00C04F79EFBC}") = "VideoStore.Services", "VideoStore.Services\VideoStore.Services.csproj", "{F9CA67C7-F0FE-4AB4-BBF7-9D75506DDE9E}"
EndProject
Project("{FAE04EC0-301F-11D3-BF4B-00C04F79EFBC}") = "VideoStore.Services.Interfaces", "VideoStore.Services.Interfaces\VideoStore.Services.Interfaces.csproj", "{17197901-BBE3-48E8-AC98-689AB9A7ED1E}"
EndProject
Project("{2150E333-8FDC-42A3-9474-1A3956D46DE8}") = "Applications", "Applications", "{877EF230-9974-403D-BAE6-E1B09774A7A6}"
EndProject
Project("{2150E333-8FDC-42A3-9474-1A3956D46DE8}") = "VideoStore", "VideoStore", "{09421D0E-9D0C-4FAF-9EEE-DC0ADA309E0A}"
EndProject
Project("{2150E333-8FDC-42A3-9474-1A3956D46DE8}") = "Bank", "Bank", "{7AE10A59-74E6-4E19-803F-8E134A520109}"
EndProject
Project("{2150E333-8FDC-42A3-9474-1A3956D46DE8}") = "DeliveryCo", "DeliveryCo", "{D7535ECA-F3A0-43B2-B57D-6314BD9A7D7C}"
EndProject
Project("{2150E333-8FDC-42A3-9474-1A3956D46DE8}") = "EmailService", "EmailService", "{9630B084-77E1-4B22-8E2D-91C494F66AB0}"
EndProject
Project("{2150E333-8FDC-42A3-9474-1A3956D46DE8}") = "Bank.Services", "Bank.Services", "{50BD281E-51D9-4B12-87D3-39FF114C3E77}"
EndProject
Project("{2150E333-8FDC-42A3-9474-1A3956D46DE8}") = "Bank.Business", "Bank.Business", "{96784766-8C38-4BF9-A102-84FF0F1FFA50}"
EndProject
Project("{2150E333-8FDC-42A3-9474-1A3956D46DE8}") = "Bank.Application", "Bank.Application", "{8B51470E-3F83-482B-8E1B-89F1089A4AC5}"
EndProject
Project("{2150E333-8FDC-42A3-9474-1A3956D46DE8}") = "DeliveryCo.Services", "DeliveryCo.Services", "{D79B978A-FC5B-434C-84B3-398D8DE224B4}"
EndProject
Project("{2150E333-8FDC-42A3-9474-1A3956D46DE8}") = "DeliveryCo.Business", "DeliveryCo.Business", "{E9EEC52A-E9B4-4202-8EBA-F9CF8040160D}"
EndProject
Project("{2150E333-8FDC-42A3-9474-1A3956D46DE8}") = "DeliveryCo.Application", "DeliveryCo.Application", "{3EFE1A29-2A8C-45EA-8C87-9A815BC58792}"
EndProject
Project("{2150E333-8FDC-42A3-9474-1A3956D46DE8}") = "EmailService.Services", "EmailService.Services", "{1F665E11-0A93-41DE-A33D-26BF2CFC154B}"
EndProject
Project("{FAE04EC0-301F-11D3-BF4B-00C04F79EFBC}") = "Bank.Business.Entities", "Bank.Business\Bank.Business.Entities\Bank.Business.Entities.csproj", "{4BB64DAE-6F81-4E3D-A2BD-41075F28F15F}"
EndProject
Project("{FAE04EC0-301F-11D3-BF4B-00C04F79EFBC}") = "Bank.Process", "Bank.Application\Bank.Process\Bank.Process.csproj", "{C235577F-C81B-4576-88C0-1541C036E162}"
EndProject
Project("{FAE04EC0-301F-11D3-BF4B-00C04F79EFBC}") = "Bank.Services.Interfaces", "Bank.Services\Bank.Services.Interfaces\Bank.Services.Interfaces.csproj", "{3317F30A-A62C-474D-8D2B-B91605ECF202}"
EndProject
Project("{FAE04EC0-301F-11D3-BF4B-00C04F79EFBC}") = "Bank.Services", "Bank.Business\Bank.Services\Bank.Services.csproj", "{218FC160-8F21-465C-9210-8535AA38168B}"
EndProject
Project("{FAE04EC0-301F-11D3-BF4B-00C04F79EFBC}") = "Bank.Business.Components", "Bank.Business\Bank.Business.Components\Bank.Business.Components.csproj", "{9DC3D9E0-63FD-4901-8203-0739F35E74BA}"
EndProject
Project("{FAE04EC0-301F-11D3-BF4B-00C04F79EFBC}") = "Bank.Business.Components.Interfaces", "Bank.Business\Bank.Business.Components.Interfaces\Bank.Business.Components.Interfaces.csproj", "{1908D09F-DA6F-4E6C-8AA7-963816BB05B1}"
EndProject
Project("{FAE04EC0-301F-11D3-BF4B-00C04F79EFBC}") = "EmailService.Services.Interfaces", "EmailService.Services\EmailService.Services.Interfaces\EmailService.Services.Interfaces.csproj", "{361095E5-34FD-4987-BCE7-090D4E317918}"
EndProject
Project("{2150E333-8FDC-42A3-9474-1A3956D46DE8}") = "EmailService.Application", "EmailService.Application", "{96FF9AA0-403C-419C-B689-6D009B6B7856}"
EndProject
Project("{FAE04EC0-301F-11D3-BF4B-00C04F79EFBC}") = "EmailService.Process", "EmailService.Application\EmailService.Process\EmailService.Process.csproj", "{5232684A-99B3-408B-BD4F-C532FC236D2B}"
EndProject
Project("{FAE04EC0-301F-11D3-BF4B-00C04F79EFBC}") = "EmailService.Services", "EmailService.Services\EmailService.Services\EmailService.Services.csproj", "{16F35917-9906-45FD-81B6-B06FCC8D19B6}"
EndProject
Project("{2150E333-8FDC-42A3-9474-1A3956D46DE8}") = "EmailService.Business", "EmailService.Business", "{03DD5CD7-C0D4-4C73-9262-D031C4931B6A}"
EndProject
Project("{FAE04EC0-301F-11D3-BF4B-00C04F79EFBC}") = "EmailService.Business.Entities", "EmailService.Business.Entities\EmailService.Business.Entities.csproj", "{36151D99-6929-4365-9A30-53E6680F61EA}"
EndProject
Project("{FAE04EC0-301F-11D3-BF4B-00C04F79EFBC}") = "DeliveryCo.Process", "DeliveryCo.Application\DeliveryCo.Process\DeliveryCo.Process.csproj", "{D4CEB1D8-4091-4786-999D-03BBD4BFB322}"
EndProject
Project("{FAE04EC0-301F-11D3-BF4B-00C04F79EFBC}") = "DeliveryCo.Business.Entities", "DeliveryCo.Business\DeliveryCo.Business.Entities\DeliveryCo.Business.Entities.csproj", "{378B43F5-B7BC-471A-87A9-B1656A6B1531}"
EndProject
Project("{FAE04EC0-301F-11D3-BF4B-00C04F79EFBC}") = "DeliveryCo.Business.Components.Interfaces", "DeliveryCo.Business\DeliveryCo.Business.Components.Interfaces\DeliveryCo.Business.Components.Interfaces.csproj", "{4EF559A7-8607-485F-8782-273B61B720A9}"
EndProject
Project("{FAE04EC0-301F-11D3-BF4B-00C04F79EFBC}") = "DeliveryCo.Business.Components", "DeliveryCo.Business\DeliveryCo.Business.Components\DeliveryCo.Business.Components.csproj", "{A1724846-6E4A-4B5D-B27C-66AA65266138}"
EndProject
Project("{FAE04EC0-301F-11D3-BF4B-00C04F79EFBC}") = "DeliveryCo.Services.Interfaces", "DeliveryCo.Services\DeliveryCo.Services.Interfaces\DeliveryCo.Services.Interfaces.csproj", "{7E7A8D7D-87CF-420F-A72B-8F4A258BB48A}"
EndProject
Project("{FAE04EC0-301F-11D3-BF4B-00C04F79EFBC}") = "DeliveryCo.Services", "DeliveryCo.Services\DeliveryCo.Services\DeliveryCo.Services.csproj", "{8CEA219C-079D-45D9-868D-14F6482785A4}"
EndProject
Project("{FAE04EC0-301F-11D3-BF4B-00C04F79EFBC}") = "VideoStore.Services.MessageTypes", "VideoStore.Services.MessageTypes\VideoStore.Services.MessageTypes.csproj", "{27445E9D-2F52-473A-96AF-85FAC10BCCE0}"
EndProject
Project("{FAE04EC0-301F-11D3-BF4B-00C04F79EFBC}") = "EmailService.MessageTypes", "EmailService.MessageTypes\EmailService.MessageTypes.csproj", "{3D1F0292-0CD7-4140-B463-D7EDB3122627}"
EndProject
Project("{FAE04EC0-301F-11D3-BF4B-00C04F79EFBC}") = "EmailService.Business.Components", "EmailService.Business.Components\EmailService.Business.Components.csproj", "{74ABB0D9-288F-44EA-AD9A-B07B4F108C8B}"
EndProject
Project("{FAE04EC0-301F-11D3-BF4B-00C04F79EFBC}") = "EmailService.Business.Components.Interfaces", "EmailService.Business.Entities.Interfaces\EmailService.Business.Components.Interfaces.csproj", "{2AF87E55-5C90-4454-AA47-BF8B14CBD874}"
EndProject
Project("{FAE04EC0-301F-11D3-BF4B-00C04F79EFBC}") = "DeliveryCo.MessageTypes", "DeliveryCo.MessageTypes\DeliveryCo.MessageTypes.csproj", "{441C1B38-48E4-4888-898F-CB5A9517B7A9}"
EndProject
Global
	GlobalSection(SolutionConfigurationPlatforms) = preSolution
		Debug|Any CPU = Debug|Any CPU
		Debug|Mixed Platforms = Debug|Mixed Platforms
		Debug|x86 = Debug|x86
		Release|Any CPU = Release|Any CPU
		Release|Mixed Platforms = Release|Mixed Platforms
		Release|x86 = Release|x86
	EndGlobalSection
	GlobalSection(ProjectConfigurationPlatforms) = postSolution
		{C2D987A4-AD05-4C0B-B285-5B64B0132DF9}.Debug|Any CPU.ActiveCfg = Debug|Any CPU
		{C2D987A4-AD05-4C0B-B285-5B64B0132DF9}.Debug|Any CPU.Build.0 = Debug|Any CPU
		{C2D987A4-AD05-4C0B-B285-5B64B0132DF9}.Debug|Mixed Platforms.ActiveCfg = Debug|Any CPU
		{C2D987A4-AD05-4C0B-B285-5B64B0132DF9}.Debug|Mixed Platforms.Build.0 = Debug|Any CPU
		{C2D987A4-AD05-4C0B-B285-5B64B0132DF9}.Debug|x86.ActiveCfg = Debug|Any CPU
		{C2D987A4-AD05-4C0B-B285-5B64B0132DF9}.Release|Any CPU.ActiveCfg = Release|Any CPU
		{C2D987A4-AD05-4C0B-B285-5B64B0132DF9}.Release|Any CPU.Build.0 = Release|Any CPU
		{C2D987A4-AD05-4C0B-B285-5B64B0132DF9}.Release|Mixed Platforms.ActiveCfg = Release|Any CPU
		{C2D987A4-AD05-4C0B-B285-5B64B0132DF9}.Release|Mixed Platforms.Build.0 = Release|Any CPU
		{C2D987A4-AD05-4C0B-B285-5B64B0132DF9}.Release|x86.ActiveCfg = Release|Any CPU
		{35992EC3-2C32-46AF-AEE4-491C54F681A5}.Debug|Any CPU.ActiveCfg = Debug|Any CPU
		{35992EC3-2C32-46AF-AEE4-491C54F681A5}.Debug|Any CPU.Build.0 = Debug|Any CPU
		{35992EC3-2C32-46AF-AEE4-491C54F681A5}.Debug|Mixed Platforms.ActiveCfg = Debug|Any CPU
		{35992EC3-2C32-46AF-AEE4-491C54F681A5}.Debug|Mixed Platforms.Build.0 = Debug|Any CPU
		{35992EC3-2C32-46AF-AEE4-491C54F681A5}.Debug|x86.ActiveCfg = Debug|Any CPU
		{35992EC3-2C32-46AF-AEE4-491C54F681A5}.Release|Any CPU.ActiveCfg = Release|Any CPU
		{35992EC3-2C32-46AF-AEE4-491C54F681A5}.Release|Any CPU.Build.0 = Release|Any CPU
		{35992EC3-2C32-46AF-AEE4-491C54F681A5}.Release|Mixed Platforms.ActiveCfg = Release|Any CPU
		{35992EC3-2C32-46AF-AEE4-491C54F681A5}.Release|Mixed Platforms.Build.0 = Release|Any CPU
		{35992EC3-2C32-46AF-AEE4-491C54F681A5}.Release|x86.ActiveCfg = Release|Any CPU
		{2851CEF3-00F9-4AFB-9306-0D6E0BDD45E3}.Debug|Any CPU.ActiveCfg = Debug|Any CPU
		{2851CEF3-00F9-4AFB-9306-0D6E0BDD45E3}.Debug|Any CPU.Build.0 = Debug|Any CPU
		{2851CEF3-00F9-4AFB-9306-0D6E0BDD45E3}.Debug|Mixed Platforms.ActiveCfg = Debug|Any CPU
		{2851CEF3-00F9-4AFB-9306-0D6E0BDD45E3}.Debug|Mixed Platforms.Build.0 = Debug|Any CPU
		{2851CEF3-00F9-4AFB-9306-0D6E0BDD45E3}.Debug|x86.ActiveCfg = Debug|Any CPU
		{2851CEF3-00F9-4AFB-9306-0D6E0BDD45E3}.Release|Any CPU.ActiveCfg = Release|Any CPU
		{2851CEF3-00F9-4AFB-9306-0D6E0BDD45E3}.Release|Any CPU.Build.0 = Release|Any CPU
		{2851CEF3-00F9-4AFB-9306-0D6E0BDD45E3}.Release|Mixed Platforms.ActiveCfg = Release|Any CPU
		{2851CEF3-00F9-4AFB-9306-0D6E0BDD45E3}.Release|Mixed Platforms.Build.0 = Release|Any CPU
		{2851CEF3-00F9-4AFB-9306-0D6E0BDD45E3}.Release|x86.ActiveCfg = Release|Any CPU
		{8487AF38-AA02-40B8-8DDD-898D0FB40E33}.Debug|Any CPU.ActiveCfg = Debug|Any CPU
		{8487AF38-AA02-40B8-8DDD-898D0FB40E33}.Debug|Any CPU.Build.0 = Debug|Any CPU
		{8487AF38-AA02-40B8-8DDD-898D0FB40E33}.Debug|Mixed Platforms.ActiveCfg = Debug|Any CPU
		{8487AF38-AA02-40B8-8DDD-898D0FB40E33}.Debug|Mixed Platforms.Build.0 = Debug|Any CPU
		{8487AF38-AA02-40B8-8DDD-898D0FB40E33}.Debug|x86.ActiveCfg = Debug|Any CPU
		{8487AF38-AA02-40B8-8DDD-898D0FB40E33}.Release|Any CPU.ActiveCfg = Release|Any CPU
		{8487AF38-AA02-40B8-8DDD-898D0FB40E33}.Release|Any CPU.Build.0 = Release|Any CPU
		{8487AF38-AA02-40B8-8DDD-898D0FB40E33}.Release|Mixed Platforms.ActiveCfg = Release|Any CPU
		{8487AF38-AA02-40B8-8DDD-898D0FB40E33}.Release|Mixed Platforms.Build.0 = Release|Any CPU
		{8487AF38-AA02-40B8-8DDD-898D0FB40E33}.Release|x86.ActiveCfg = Release|Any CPU
		{98ED3E6A-BF59-4394-B51D-2AF128C9F312}.Debug|Any CPU.ActiveCfg = Debug|x86
		{98ED3E6A-BF59-4394-B51D-2AF128C9F312}.Debug|Mixed Platforms.ActiveCfg = Debug|x86
		{98ED3E6A-BF59-4394-B51D-2AF128C9F312}.Debug|Mixed Platforms.Build.0 = Debug|x86
		{98ED3E6A-BF59-4394-B51D-2AF128C9F312}.Debug|x86.ActiveCfg = Debug|x86
		{98ED3E6A-BF59-4394-B51D-2AF128C9F312}.Debug|x86.Build.0 = Debug|x86
		{98ED3E6A-BF59-4394-B51D-2AF128C9F312}.Release|Any CPU.ActiveCfg = Release|x86
		{98ED3E6A-BF59-4394-B51D-2AF128C9F312}.Release|Mixed Platforms.ActiveCfg = Release|x86
		{98ED3E6A-BF59-4394-B51D-2AF128C9F312}.Release|Mixed Platforms.Build.0 = Release|x86
		{98ED3E6A-BF59-4394-B51D-2AF128C9F312}.Release|x86.ActiveCfg = Release|x86
		{98ED3E6A-BF59-4394-B51D-2AF128C9F312}.Release|x86.Build.0 = Release|x86
		{6A0AEBB1-060F-4A88-B18E-448935063E1A}.Debug|Any CPU.ActiveCfg = Debug|Any CPU
		{6A0AEBB1-060F-4A88-B18E-448935063E1A}.Debug|Any CPU.Build.0 = Debug|Any CPU
		{6A0AEBB1-060F-4A88-B18E-448935063E1A}.Debug|Mixed Platforms.ActiveCfg = Debug|Any CPU
		{6A0AEBB1-060F-4A88-B18E-448935063E1A}.Debug|Mixed Platforms.Build.0 = Debug|Any CPU
		{6A0AEBB1-060F-4A88-B18E-448935063E1A}.Debug|x86.ActiveCfg = Debug|Any CPU
		{6A0AEBB1-060F-4A88-B18E-448935063E1A}.Release|Any CPU.ActiveCfg = Release|Any CPU
		{6A0AEBB1-060F-4A88-B18E-448935063E1A}.Release|Any CPU.Build.0 = Release|Any CPU
		{6A0AEBB1-060F-4A88-B18E-448935063E1A}.Release|Mixed Platforms.ActiveCfg = Release|Any CPU
		{6A0AEBB1-060F-4A88-B18E-448935063E1A}.Release|Mixed Platforms.Build.0 = Release|Any CPU
		{6A0AEBB1-060F-4A88-B18E-448935063E1A}.Release|x86.ActiveCfg = Release|Any CPU
		{F9CA67C7-F0FE-4AB4-BBF7-9D75506DDE9E}.Debug|Any CPU.ActiveCfg = Debug|Any CPU
		{F9CA67C7-F0FE-4AB4-BBF7-9D75506DDE9E}.Debug|Any CPU.Build.0 = Debug|Any CPU
		{F9CA67C7-F0FE-4AB4-BBF7-9D75506DDE9E}.Debug|Mixed Platforms.ActiveCfg = Debug|Any CPU
		{F9CA67C7-F0FE-4AB4-BBF7-9D75506DDE9E}.Debug|Mixed Platforms.Build.0 = Debug|Any CPU
		{F9CA67C7-F0FE-4AB4-BBF7-9D75506DDE9E}.Debug|x86.ActiveCfg = Debug|Any CPU
		{F9CA67C7-F0FE-4AB4-BBF7-9D75506DDE9E}.Release|Any CPU.ActiveCfg = Release|Any CPU
		{F9CA67C7-F0FE-4AB4-BBF7-9D75506DDE9E}.Release|Any CPU.Build.0 = Release|Any CPU
		{F9CA67C7-F0FE-4AB4-BBF7-9D75506DDE9E}.Release|Mixed Platforms.ActiveCfg = Release|Any CPU
		{F9CA67C7-F0FE-4AB4-BBF7-9D75506DDE9E}.Release|Mixed Platforms.Build.0 = Release|Any CPU
		{F9CA67C7-F0FE-4AB4-BBF7-9D75506DDE9E}.Release|x86.ActiveCfg = Release|Any CPU
		{17197901-BBE3-48E8-AC98-689AB9A7ED1E}.Debug|Any CPU.ActiveCfg = Debug|Any CPU
		{17197901-BBE3-48E8-AC98-689AB9A7ED1E}.Debug|Any CPU.Build.0 = Debug|Any CPU
		{17197901-BBE3-48E8-AC98-689AB9A7ED1E}.Debug|Mixed Platforms.ActiveCfg = Debug|Any CPU
		{17197901-BBE3-48E8-AC98-689AB9A7ED1E}.Debug|Mixed Platforms.Build.0 = Debug|Any CPU
		{17197901-BBE3-48E8-AC98-689AB9A7ED1E}.Debug|x86.ActiveCfg = Debug|Any CPU
		{17197901-BBE3-48E8-AC98-689AB9A7ED1E}.Release|Any CPU.ActiveCfg = Release|Any CPU
		{17197901-BBE3-48E8-AC98-689AB9A7ED1E}.Release|Any CPU.Build.0 = Release|Any CPU
		{17197901-BBE3-48E8-AC98-689AB9A7ED1E}.Release|Mixed Platforms.ActiveCfg = Release|Any CPU
		{17197901-BBE3-48E8-AC98-689AB9A7ED1E}.Release|Mixed Platforms.Build.0 = Release|Any CPU
		{17197901-BBE3-48E8-AC98-689AB9A7ED1E}.Release|x86.ActiveCfg = Release|Any CPU
		{4BB64DAE-6F81-4E3D-A2BD-41075F28F15F}.Debug|Any CPU.ActiveCfg = Debug|Any CPU
		{4BB64DAE-6F81-4E3D-A2BD-41075F28F15F}.Debug|Any CPU.Build.0 = Debug|Any CPU
		{4BB64DAE-6F81-4E3D-A2BD-41075F28F15F}.Debug|Mixed Platforms.ActiveCfg = Debug|Any CPU
		{4BB64DAE-6F81-4E3D-A2BD-41075F28F15F}.Debug|Mixed Platforms.Build.0 = Debug|Any CPU
		{4BB64DAE-6F81-4E3D-A2BD-41075F28F15F}.Debug|x86.ActiveCfg = Debug|Any CPU
		{4BB64DAE-6F81-4E3D-A2BD-41075F28F15F}.Release|Any CPU.ActiveCfg = Release|Any CPU
		{4BB64DAE-6F81-4E3D-A2BD-41075F28F15F}.Release|Any CPU.Build.0 = Release|Any CPU
		{4BB64DAE-6F81-4E3D-A2BD-41075F28F15F}.Release|Mixed Platforms.ActiveCfg = Release|Any CPU
		{4BB64DAE-6F81-4E3D-A2BD-41075F28F15F}.Release|Mixed Platforms.Build.0 = Release|Any CPU
		{4BB64DAE-6F81-4E3D-A2BD-41075F28F15F}.Release|x86.ActiveCfg = Release|Any CPU
		{C235577F-C81B-4576-88C0-1541C036E162}.Debug|Any CPU.ActiveCfg = Debug|x86
		{C235577F-C81B-4576-88C0-1541C036E162}.Debug|Mixed Platforms.ActiveCfg = Debug|x86
		{C235577F-C81B-4576-88C0-1541C036E162}.Debug|Mixed Platforms.Build.0 = Debug|x86
		{C235577F-C81B-4576-88C0-1541C036E162}.Debug|x86.ActiveCfg = Debug|x86
		{C235577F-C81B-4576-88C0-1541C036E162}.Debug|x86.Build.0 = Debug|x86
		{C235577F-C81B-4576-88C0-1541C036E162}.Release|Any CPU.ActiveCfg = Release|x86
		{C235577F-C81B-4576-88C0-1541C036E162}.Release|Mixed Platforms.ActiveCfg = Release|x86
		{C235577F-C81B-4576-88C0-1541C036E162}.Release|Mixed Platforms.Build.0 = Release|x86
		{C235577F-C81B-4576-88C0-1541C036E162}.Release|x86.ActiveCfg = Release|x86
		{C235577F-C81B-4576-88C0-1541C036E162}.Release|x86.Build.0 = Release|x86
		{3317F30A-A62C-474D-8D2B-B91605ECF202}.Debug|Any CPU.ActiveCfg = Debug|Any CPU
		{3317F30A-A62C-474D-8D2B-B91605ECF202}.Debug|Any CPU.Build.0 = Debug|Any CPU
		{3317F30A-A62C-474D-8D2B-B91605ECF202}.Debug|Mixed Platforms.ActiveCfg = Debug|Any CPU
		{3317F30A-A62C-474D-8D2B-B91605ECF202}.Debug|Mixed Platforms.Build.0 = Debug|Any CPU
		{3317F30A-A62C-474D-8D2B-B91605ECF202}.Debug|x86.ActiveCfg = Debug|Any CPU
		{3317F30A-A62C-474D-8D2B-B91605ECF202}.Release|Any CPU.ActiveCfg = Release|Any CPU
		{3317F30A-A62C-474D-8D2B-B91605ECF202}.Release|Any CPU.Build.0 = Release|Any CPU
		{3317F30A-A62C-474D-8D2B-B91605ECF202}.Release|Mixed Platforms.ActiveCfg = Release|Any CPU
		{3317F30A-A62C-474D-8D2B-B91605ECF202}.Release|Mixed Platforms.Build.0 = Release|Any CPU
		{3317F30A-A62C-474D-8D2B-B91605ECF202}.Release|x86.ActiveCfg = Release|Any CPU
		{218FC160-8F21-465C-9210-8535AA38168B}.Debug|Any CPU.ActiveCfg = Debug|Any CPU
		{218FC160-8F21-465C-9210-8535AA38168B}.Debug|Any CPU.Build.0 = Debug|Any CPU
		{218FC160-8F21-465C-9210-8535AA38168B}.Debug|Mixed Platforms.ActiveCfg = Debug|Any CPU
		{218FC160-8F21-465C-9210-8535AA38168B}.Debug|Mixed Platforms.Build.0 = Debug|Any CPU
		{218FC160-8F21-465C-9210-8535AA38168B}.Debug|x86.ActiveCfg = Debug|Any CPU
		{218FC160-8F21-465C-9210-8535AA38168B}.Release|Any CPU.ActiveCfg = Release|Any CPU
		{218FC160-8F21-465C-9210-8535AA38168B}.Release|Any CPU.Build.0 = Release|Any CPU
		{218FC160-8F21-465C-9210-8535AA38168B}.Release|Mixed Platforms.ActiveCfg = Release|Any CPU
		{218FC160-8F21-465C-9210-8535AA38168B}.Release|Mixed Platforms.Build.0 = Release|Any CPU
		{218FC160-8F21-465C-9210-8535AA38168B}.Release|x86.ActiveCfg = Release|Any CPU
		{9DC3D9E0-63FD-4901-8203-0739F35E74BA}.Debug|Any CPU.ActiveCfg = Debug|Any CPU
		{9DC3D9E0-63FD-4901-8203-0739F35E74BA}.Debug|Any CPU.Build.0 = Debug|Any CPU
		{9DC3D9E0-63FD-4901-8203-0739F35E74BA}.Debug|Mixed Platforms.ActiveCfg = Debug|Any CPU
		{9DC3D9E0-63FD-4901-8203-0739F35E74BA}.Debug|Mixed Platforms.Build.0 = Debug|Any CPU
		{9DC3D9E0-63FD-4901-8203-0739F35E74BA}.Debug|x86.ActiveCfg = Debug|Any CPU
		{9DC3D9E0-63FD-4901-8203-0739F35E74BA}.Release|Any CPU.ActiveCfg = Release|Any CPU
		{9DC3D9E0-63FD-4901-8203-0739F35E74BA}.Release|Any CPU.Build.0 = Release|Any CPU
		{9DC3D9E0-63FD-4901-8203-0739F35E74BA}.Release|Mixed Platforms.ActiveCfg = Release|Any CPU
		{9DC3D9E0-63FD-4901-8203-0739F35E74BA}.Release|Mixed Platforms.Build.0 = Release|Any CPU
		{9DC3D9E0-63FD-4901-8203-0739F35E74BA}.Release|x86.ActiveCfg = Release|Any CPU
		{1908D09F-DA6F-4E6C-8AA7-963816BB05B1}.Debug|Any CPU.ActiveCfg = Debug|Any CPU
		{1908D09F-DA6F-4E6C-8AA7-963816BB05B1}.Debug|Any CPU.Build.0 = Debug|Any CPU
		{1908D09F-DA6F-4E6C-8AA7-963816BB05B1}.Debug|Mixed Platforms.ActiveCfg = Debug|Any CPU
		{1908D09F-DA6F-4E6C-8AA7-963816BB05B1}.Debug|Mixed Platforms.Build.0 = Debug|Any CPU
		{1908D09F-DA6F-4E6C-8AA7-963816BB05B1}.Debug|x86.ActiveCfg = Debug|Any CPU
		{1908D09F-DA6F-4E6C-8AA7-963816BB05B1}.Release|Any CPU.ActiveCfg = Release|Any CPU
		{1908D09F-DA6F-4E6C-8AA7-963816BB05B1}.Release|Any CPU.Build.0 = Release|Any CPU
		{1908D09F-DA6F-4E6C-8AA7-963816BB05B1}.Release|Mixed Platforms.ActiveCfg = Release|Any CPU
		{1908D09F-DA6F-4E6C-8AA7-963816BB05B1}.Release|Mixed Platforms.Build.0 = Release|Any CPU
		{1908D09F-DA6F-4E6C-8AA7-963816BB05B1}.Release|x86.ActiveCfg = Release|Any CPU
		{361095E5-34FD-4987-BCE7-090D4E317918}.Debug|Any CPU.ActiveCfg = Debug|Any CPU
		{361095E5-34FD-4987-BCE7-090D4E317918}.Debug|Any CPU.Build.0 = Debug|Any CPU
		{361095E5-34FD-4987-BCE7-090D4E317918}.Debug|Mixed Platforms.ActiveCfg = Debug|Any CPU
		{361095E5-34FD-4987-BCE7-090D4E317918}.Debug|Mixed Platforms.Build.0 = Debug|Any CPU
		{361095E5-34FD-4987-BCE7-090D4E317918}.Debug|x86.ActiveCfg = Debug|Any CPU
		{361095E5-34FD-4987-BCE7-090D4E317918}.Release|Any CPU.ActiveCfg = Release|Any CPU
		{361095E5-34FD-4987-BCE7-090D4E317918}.Release|Any CPU.Build.0 = Release|Any CPU
		{361095E5-34FD-4987-BCE7-090D4E317918}.Release|Mixed Platforms.ActiveCfg = Release|Any CPU
		{361095E5-34FD-4987-BCE7-090D4E317918}.Release|Mixed Platforms.Build.0 = Release|Any CPU
		{361095E5-34FD-4987-BCE7-090D4E317918}.Release|x86.ActiveCfg = Release|Any CPU
		{5232684A-99B3-408B-BD4F-C532FC236D2B}.Debug|Any CPU.ActiveCfg = Debug|x86
		{5232684A-99B3-408B-BD4F-C532FC236D2B}.Debug|Mixed Platforms.ActiveCfg = Debug|x86
		{5232684A-99B3-408B-BD4F-C532FC236D2B}.Debug|Mixed Platforms.Build.0 = Debug|x86
		{5232684A-99B3-408B-BD4F-C532FC236D2B}.Debug|x86.ActiveCfg = Debug|x86
		{5232684A-99B3-408B-BD4F-C532FC236D2B}.Debug|x86.Build.0 = Debug|x86
		{5232684A-99B3-408B-BD4F-C532FC236D2B}.Release|Any CPU.ActiveCfg = Release|x86
		{5232684A-99B3-408B-BD4F-C532FC236D2B}.Release|Mixed Platforms.ActiveCfg = Release|x86
		{5232684A-99B3-408B-BD4F-C532FC236D2B}.Release|Mixed Platforms.Build.0 = Release|x86
		{5232684A-99B3-408B-BD4F-C532FC236D2B}.Release|x86.ActiveCfg = Release|x86
		{5232684A-99B3-408B-BD4F-C532FC236D2B}.Release|x86.Build.0 = Release|x86
		{16F35917-9906-45FD-81B6-B06FCC8D19B6}.Debug|Any CPU.ActiveCfg = Debug|x86
		{16F35917-9906-45FD-81B6-B06FCC8D19B6}.Debug|Mixed Platforms.ActiveCfg = Debug|x86
		{16F35917-9906-45FD-81B6-B06FCC8D19B6}.Debug|Mixed Platforms.Build.0 = Debug|x86
		{16F35917-9906-45FD-81B6-B06FCC8D19B6}.Debug|x86.ActiveCfg = Debug|x86
		{16F35917-9906-45FD-81B6-B06FCC8D19B6}.Debug|x86.Build.0 = Debug|x86
		{16F35917-9906-45FD-81B6-B06FCC8D19B6}.Release|Any CPU.ActiveCfg = Release|x86
		{16F35917-9906-45FD-81B6-B06FCC8D19B6}.Release|Mixed Platforms.ActiveCfg = Release|x86
		{16F35917-9906-45FD-81B6-B06FCC8D19B6}.Release|Mixed Platforms.Build.0 = Release|x86
		{16F35917-9906-45FD-81B6-B06FCC8D19B6}.Release|x86.ActiveCfg = Release|x86
		{16F35917-9906-45FD-81B6-B06FCC8D19B6}.Release|x86.Build.0 = Release|x86
		{36151D99-6929-4365-9A30-53E6680F61EA}.Debug|Any CPU.ActiveCfg = Debug|x86
		{36151D99-6929-4365-9A30-53E6680F61EA}.Debug|Mixed Platforms.ActiveCfg = Debug|x86
		{36151D99-6929-4365-9A30-53E6680F61EA}.Debug|Mixed Platforms.Build.0 = Debug|x86
		{36151D99-6929-4365-9A30-53E6680F61EA}.Debug|x86.ActiveCfg = Debug|x86
		{36151D99-6929-4365-9A30-53E6680F61EA}.Debug|x86.Build.0 = Debug|x86
		{36151D99-6929-4365-9A30-53E6680F61EA}.Release|Any CPU.ActiveCfg = Release|x86
		{36151D99-6929-4365-9A30-53E6680F61EA}.Release|Mixed Platforms.ActiveCfg = Release|x86
		{36151D99-6929-4365-9A30-53E6680F61EA}.Release|Mixed Platforms.Build.0 = Release|x86
		{36151D99-6929-4365-9A30-53E6680F61EA}.Release|x86.ActiveCfg = Release|x86
		{36151D99-6929-4365-9A30-53E6680F61EA}.Release|x86.Build.0 = Release|x86
		{D4CEB1D8-4091-4786-999D-03BBD4BFB322}.Debug|Any CPU.ActiveCfg = Debug|x86
		{D4CEB1D8-4091-4786-999D-03BBD4BFB322}.Debug|Mixed Platforms.ActiveCfg = Debug|x86
		{D4CEB1D8-4091-4786-999D-03BBD4BFB322}.Debug|Mixed Platforms.Build.0 = Debug|x86
		{D4CEB1D8-4091-4786-999D-03BBD4BFB322}.Debug|x86.ActiveCfg = Debug|x86
		{D4CEB1D8-4091-4786-999D-03BBD4BFB322}.Debug|x86.Build.0 = Debug|x86
		{D4CEB1D8-4091-4786-999D-03BBD4BFB322}.Release|Any CPU.ActiveCfg = Release|x86
		{D4CEB1D8-4091-4786-999D-03BBD4BFB322}.Release|Mixed Platforms.ActiveCfg = Release|x86
		{D4CEB1D8-4091-4786-999D-03BBD4BFB322}.Release|Mixed Platforms.Build.0 = Release|x86
		{D4CEB1D8-4091-4786-999D-03BBD4BFB322}.Release|x86.ActiveCfg = Release|x86
		{D4CEB1D8-4091-4786-999D-03BBD4BFB322}.Release|x86.Build.0 = Release|x86
		{378B43F5-B7BC-471A-87A9-B1656A6B1531}.Debug|Any CPU.ActiveCfg = Debug|x86
		{378B43F5-B7BC-471A-87A9-B1656A6B1531}.Debug|Mixed Platforms.ActiveCfg = Debug|x86
		{378B43F5-B7BC-471A-87A9-B1656A6B1531}.Debug|Mixed Platforms.Build.0 = Debug|x86
		{378B43F5-B7BC-471A-87A9-B1656A6B1531}.Debug|x86.ActiveCfg = Debug|x86
		{378B43F5-B7BC-471A-87A9-B1656A6B1531}.Debug|x86.Build.0 = Debug|x86
		{378B43F5-B7BC-471A-87A9-B1656A6B1531}.Release|Any CPU.ActiveCfg = Release|x86
		{378B43F5-B7BC-471A-87A9-B1656A6B1531}.Release|Mixed Platforms.ActiveCfg = Release|x86
		{378B43F5-B7BC-471A-87A9-B1656A6B1531}.Release|Mixed Platforms.Build.0 = Release|x86
		{378B43F5-B7BC-471A-87A9-B1656A6B1531}.Release|x86.ActiveCfg = Release|x86
		{378B43F5-B7BC-471A-87A9-B1656A6B1531}.Release|x86.Build.0 = Release|x86
		{4EF559A7-8607-485F-8782-273B61B720A9}.Debug|Any CPU.ActiveCfg = Debug|x86
		{4EF559A7-8607-485F-8782-273B61B720A9}.Debug|Mixed Platforms.ActiveCfg = Debug|x86
		{4EF559A7-8607-485F-8782-273B61B720A9}.Debug|Mixed Platforms.Build.0 = Debug|x86
		{4EF559A7-8607-485F-8782-273B61B720A9}.Debug|x86.ActiveCfg = Debug|x86
		{4EF559A7-8607-485F-8782-273B61B720A9}.Debug|x86.Build.0 = Debug|x86
		{4EF559A7-8607-485F-8782-273B61B720A9}.Release|Any CPU.ActiveCfg = Release|x86
		{4EF559A7-8607-485F-8782-273B61B720A9}.Release|Mixed Platforms.ActiveCfg = Release|x86
		{4EF559A7-8607-485F-8782-273B61B720A9}.Release|Mixed Platforms.Build.0 = Release|x86
		{4EF559A7-8607-485F-8782-273B61B720A9}.Release|x86.ActiveCfg = Release|x86
		{4EF559A7-8607-485F-8782-273B61B720A9}.Release|x86.Build.0 = Release|x86
		{A1724846-6E4A-4B5D-B27C-66AA65266138}.Debug|Any CPU.ActiveCfg = Debug|x86
		{A1724846-6E4A-4B5D-B27C-66AA65266138}.Debug|Mixed Platforms.ActiveCfg = Debug|x86
		{A1724846-6E4A-4B5D-B27C-66AA65266138}.Debug|Mixed Platforms.Build.0 = Debug|x86
		{A1724846-6E4A-4B5D-B27C-66AA65266138}.Debug|x86.ActiveCfg = Debug|x86
		{A1724846-6E4A-4B5D-B27C-66AA65266138}.Debug|x86.Build.0 = Debug|x86
		{A1724846-6E4A-4B5D-B27C-66AA65266138}.Release|Any CPU.ActiveCfg = Release|x86
		{A1724846-6E4A-4B5D-B27C-66AA65266138}.Release|Mixed Platforms.ActiveCfg = Release|x86
		{A1724846-6E4A-4B5D-B27C-66AA65266138}.Release|Mixed Platforms.Build.0 = Release|x86
		{A1724846-6E4A-4B5D-B27C-66AA65266138}.Release|x86.ActiveCfg = Release|x86
		{A1724846-6E4A-4B5D-B27C-66AA65266138}.Release|x86.Build.0 = Release|x86
		{7E7A8D7D-87CF-420F-A72B-8F4A258BB48A}.Debug|Any CPU.ActiveCfg = Debug|Any CPU
		{7E7A8D7D-87CF-420F-A72B-8F4A258BB48A}.Debug|Any CPU.Build.0 = Debug|Any CPU
		{7E7A8D7D-87CF-420F-A72B-8F4A258BB48A}.Debug|Mixed Platforms.ActiveCfg = Debug|Any CPU
		{7E7A8D7D-87CF-420F-A72B-8F4A258BB48A}.Debug|Mixed Platforms.Build.0 = Debug|Any CPU
		{7E7A8D7D-87CF-420F-A72B-8F4A258BB48A}.Debug|x86.ActiveCfg = Debug|Any CPU
		{7E7A8D7D-87CF-420F-A72B-8F4A258BB48A}.Release|Any CPU.ActiveCfg = Release|Any CPU
		{7E7A8D7D-87CF-420F-A72B-8F4A258BB48A}.Release|Any CPU.Build.0 = Release|Any CPU
		{7E7A8D7D-87CF-420F-A72B-8F4A258BB48A}.Release|Mixed Platforms.ActiveCfg = Release|Any CPU
		{7E7A8D7D-87CF-420F-A72B-8F4A258BB48A}.Release|Mixed Platforms.Build.0 = Release|Any CPU
		{7E7A8D7D-87CF-420F-A72B-8F4A258BB48A}.Release|x86.ActiveCfg = Release|Any CPU
		{8CEA219C-079D-45D9-868D-14F6482785A4}.Debug|Any CPU.ActiveCfg = Debug|Any CPU
		{8CEA219C-079D-45D9-868D-14F6482785A4}.Debug|Any CPU.Build.0 = Debug|Any CPU
		{8CEA219C-079D-45D9-868D-14F6482785A4}.Debug|Mixed Platforms.ActiveCfg = Debug|Any CPU
		{8CEA219C-079D-45D9-868D-14F6482785A4}.Debug|Mixed Platforms.Build.0 = Debug|Any CPU
		{8CEA219C-079D-45D9-868D-14F6482785A4}.Debug|x86.ActiveCfg = Debug|Any CPU
		{8CEA219C-079D-45D9-868D-14F6482785A4}.Release|Any CPU.ActiveCfg = Release|Any CPU
		{8CEA219C-079D-45D9-868D-14F6482785A4}.Release|Any CPU.Build.0 = Release|Any CPU
		{8CEA219C-079D-45D9-868D-14F6482785A4}.Release|Mixed Platforms.ActiveCfg = Release|Any CPU
		{8CEA219C-079D-45D9-868D-14F6482785A4}.Release|Mixed Platforms.Build.0 = Release|Any CPU
		{8CEA219C-079D-45D9-868D-14F6482785A4}.Release|x86.ActiveCfg = Release|Any CPU
		{27445E9D-2F52-473A-96AF-85FAC10BCCE0}.Debug|Any CPU.ActiveCfg = Debug|Any CPU
		{27445E9D-2F52-473A-96AF-85FAC10BCCE0}.Debug|Any CPU.Build.0 = Debug|Any CPU
		{27445E9D-2F52-473A-96AF-85FAC10BCCE0}.Debug|Mixed Platforms.ActiveCfg = Debug|Any CPU
		{27445E9D-2F52-473A-96AF-85FAC10BCCE0}.Debug|Mixed Platforms.Build.0 = Debug|Any CPU
		{27445E9D-2F52-473A-96AF-85FAC10BCCE0}.Debug|x86.ActiveCfg = Debug|Any CPU
		{27445E9D-2F52-473A-96AF-85FAC10BCCE0}.Release|Any CPU.ActiveCfg = Release|Any CPU
		{27445E9D-2F52-473A-96AF-85FAC10BCCE0}.Release|Any CPU.Build.0 = Release|Any CPU
		{27445E9D-2F52-473A-96AF-85FAC10BCCE0}.Release|Mixed Platforms.ActiveCfg = Release|Any CPU
		{27445E9D-2F52-473A-96AF-85FAC10BCCE0}.Release|Mixed Platforms.Build.0 = Release|Any CPU
		{27445E9D-2F52-473A-96AF-85FAC10BCCE0}.Release|x86.ActiveCfg = Release|Any CPU
		{3D1F0292-0CD7-4140-B463-D7EDB3122627}.Debug|Any CPU.ActiveCfg = Debug|Any CPU
		{3D1F0292-0CD7-4140-B463-D7EDB3122627}.Debug|Any CPU.Build.0 = Debug|Any CPU
		{3D1F0292-0CD7-4140-B463-D7EDB3122627}.Debug|Mixed Platforms.ActiveCfg = Debug|Any CPU
		{3D1F0292-0CD7-4140-B463-D7EDB3122627}.Debug|Mixed Platforms.Build.0 = Debug|Any CPU
		{3D1F0292-0CD7-4140-B463-D7EDB3122627}.Debug|x86.ActiveCfg = Debug|Any CPU
		{3D1F0292-0CD7-4140-B463-D7EDB3122627}.Release|Any CPU.ActiveCfg = Release|Any CPU
		{3D1F0292-0CD7-4140-B463-D7EDB3122627}.Release|Any CPU.Build.0 = Release|Any CPU
		{3D1F0292-0CD7-4140-B463-D7EDB3122627}.Release|Mixed Platforms.ActiveCfg = Release|Any CPU
		{3D1F0292-0CD7-4140-B463-D7EDB3122627}.Release|Mixed Platforms.Build.0 = Release|Any CPU
		{3D1F0292-0CD7-4140-B463-D7EDB3122627}.Release|x86.ActiveCfg = Release|Any CPU
		{74ABB0D9-288F-44EA-AD9A-B07B4F108C8B}.Debug|Any CPU.ActiveCfg = Debug|Any CPU
		{74ABB0D9-288F-44EA-AD9A-B07B4F108C8B}.Debug|Any CPU.Build.0 = Debug|Any CPU
		{74ABB0D9-288F-44EA-AD9A-B07B4F108C8B}.Debug|Mixed Platforms.ActiveCfg = Debug|Any CPU
		{74ABB0D9-288F-44EA-AD9A-B07B4F108C8B}.Debug|Mixed Platforms.Build.0 = Debug|Any CPU
		{74ABB0D9-288F-44EA-AD9A-B07B4F108C8B}.Debug|x86.ActiveCfg = Debug|Any CPU
		{74ABB0D9-288F-44EA-AD9A-B07B4F108C8B}.Release|Any CPU.ActiveCfg = Release|Any CPU
		{74ABB0D9-288F-44EA-AD9A-B07B4F108C8B}.Release|Any CPU.Build.0 = Release|Any CPU
		{74ABB0D9-288F-44EA-AD9A-B07B4F108C8B}.Release|Mixed Platforms.ActiveCfg = Release|Any CPU
		{74ABB0D9-288F-44EA-AD9A-B07B4F108C8B}.Release|Mixed Platforms.Build.0 = Release|Any CPU
		{74ABB0D9-288F-44EA-AD9A-B07B4F108C8B}.Release|x86.ActiveCfg = Release|Any CPU
		{2AF87E55-5C90-4454-AA47-BF8B14CBD874}.Debug|Any CPU.ActiveCfg = Debug|Any CPU
		{2AF87E55-5C90-4454-AA47-BF8B14CBD874}.Debug|Any CPU.Build.0 = Debug|Any CPU
		{2AF87E55-5C90-4454-AA47-BF8B14CBD874}.Debug|Mixed Platforms.ActiveCfg = Debug|Any CPU
		{2AF87E55-5C90-4454-AA47-BF8B14CBD874}.Debug|Mixed Platforms.Build.0 = Debug|Any CPU
		{2AF87E55-5C90-4454-AA47-BF8B14CBD874}.Debug|x86.ActiveCfg = Debug|Any CPU
		{2AF87E55-5C90-4454-AA47-BF8B14CBD874}.Release|Any CPU.ActiveCfg = Release|Any CPU
		{2AF87E55-5C90-4454-AA47-BF8B14CBD874}.Release|Any CPU.Build.0 = Release|Any CPU
		{2AF87E55-5C90-4454-AA47-BF8B14CBD874}.Release|Mixed Platforms.ActiveCfg = Release|Any CPU
		{2AF87E55-5C90-4454-AA47-BF8B14CBD874}.Release|Mixed Platforms.Build.0 = Release|Any CPU
		{2AF87E55-5C90-4454-AA47-BF8B14CBD874}.Release|x86.ActiveCfg = Release|Any CPU
		{441C1B38-48E4-4888-898F-CB5A9517B7A9}.Debug|Any CPU.ActiveCfg = Debug|Any CPU
		{441C1B38-48E4-4888-898F-CB5A9517B7A9}.Debug|Any CPU.Build.0 = Debug|Any CPU
		{441C1B38-48E4-4888-898F-CB5A9517B7A9}.Debug|Mixed Platforms.ActiveCfg = Debug|Any CPU
		{441C1B38-48E4-4888-898F-CB5A9517B7A9}.Debug|Mixed Platforms.Build.0 = Debug|Any CPU
		{441C1B38-48E4-4888-898F-CB5A9517B7A9}.Debug|x86.ActiveCfg = Debug|Any CPU
		{441C1B38-48E4-4888-898F-CB5A9517B7A9}.Release|Any CPU.ActiveCfg = Release|Any CPU
		{441C1B38-48E4-4888-898F-CB5A9517B7A9}.Release|Any CPU.Build.0 = Release|Any CPU
		{441C1B38-48E4-4888-898F-CB5A9517B7A9}.Release|Mixed Platforms.ActiveCfg = Release|Any CPU
		{441C1B38-48E4-4888-898F-CB5A9517B7A9}.Release|Mixed Platforms.Build.0 = Release|Any CPU
		{441C1B38-48E4-4888-898F-CB5A9517B7A9}.Release|x86.ActiveCfg = Release|Any CPU
	EndGlobalSection
	GlobalSection(SolutionProperties) = preSolution
		HideSolutionNode = FALSE
	EndGlobalSection
	GlobalSection(NestedProjects) = preSolution
		{FC0CADD9-162D-4370-A0D0-B31FA3479D2F} = {09421D0E-9D0C-4FAF-9EEE-DC0ADA309E0A}
		{D1D8EA0F-B22D-47AB-A706-6AC60CB2806E} = {877EF230-9974-403D-BAE6-E1B09774A7A6}
		{4194D13A-DC47-4C8D-9919-FCBB0BEBD083} = {09421D0E-9D0C-4FAF-9EEE-DC0ADA309E0A}
		{BB38E6C9-7D40-4A7E-B3D0-3EEB878A4EBA} = {09421D0E-9D0C-4FAF-9EEE-DC0ADA309E0A}
		{625531F7-F011-483D-A7A2-285848E835A8} = {09421D0E-9D0C-4FAF-9EEE-DC0ADA309E0A}
		{C2D987A4-AD05-4C0B-B285-5B64B0132DF9} = {D1D8EA0F-B22D-47AB-A706-6AC60CB2806E}
		{35992EC3-2C32-46AF-AEE4-491C54F681A5} = {4194D13A-DC47-4C8D-9919-FCBB0BEBD083}
		{2851CEF3-00F9-4AFB-9306-0D6E0BDD45E3} = {4194D13A-DC47-4C8D-9919-FCBB0BEBD083}
		{8487AF38-AA02-40B8-8DDD-898D0FB40E33} = {4194D13A-DC47-4C8D-9919-FCBB0BEBD083}
		{98ED3E6A-BF59-4394-B51D-2AF128C9F312} = {FC0CADD9-162D-4370-A0D0-B31FA3479D2F}
		{6A0AEBB1-060F-4A88-B18E-448935063E1A} = {625531F7-F011-483D-A7A2-285848E835A8}
		{F9CA67C7-F0FE-4AB4-BBF7-9D75506DDE9E} = {BB38E6C9-7D40-4A7E-B3D0-3EEB878A4EBA}
		{17197901-BBE3-48E8-AC98-689AB9A7ED1E} = {BB38E6C9-7D40-4A7E-B3D0-3EEB878A4EBA}
		{09421D0E-9D0C-4FAF-9EEE-DC0ADA309E0A} = {877EF230-9974-403D-BAE6-E1B09774A7A6}
		{7AE10A59-74E6-4E19-803F-8E134A520109} = {877EF230-9974-403D-BAE6-E1B09774A7A6}
		{D7535ECA-F3A0-43B2-B57D-6314BD9A7D7C} = {877EF230-9974-403D-BAE6-E1B09774A7A6}
		{9630B084-77E1-4B22-8E2D-91C494F66AB0} = {877EF230-9974-403D-BAE6-E1B09774A7A6}
		{50BD281E-51D9-4B12-87D3-39FF114C3E77} = {7AE10A59-74E6-4E19-803F-8E134A520109}
		{96784766-8C38-4BF9-A102-84FF0F1FFA50} = {7AE10A59-74E6-4E19-803F-8E134A520109}
		{8B51470E-3F83-482B-8E1B-89F1089A4AC5} = {7AE10A59-74E6-4E19-803F-8E134A520109}
		{D79B978A-FC5B-434C-84B3-398D8DE224B4} = {D7535ECA-F3A0-43B2-B57D-6314BD9A7D7C}
		{E9EEC52A-E9B4-4202-8EBA-F9CF8040160D} = {D7535ECA-F3A0-43B2-B57D-6314BD9A7D7C}
		{3EFE1A29-2A8C-45EA-8C87-9A815BC58792} = {D7535ECA-F3A0-43B2-B57D-6314BD9A7D7C}
		{1F665E11-0A93-41DE-A33D-26BF2CFC154B} = {9630B084-77E1-4B22-8E2D-91C494F66AB0}
		{4BB64DAE-6F81-4E3D-A2BD-41075F28F15F} = {96784766-8C38-4BF9-A102-84FF0F1FFA50}
		{C235577F-C81B-4576-88C0-1541C036E162} = {8B51470E-3F83-482B-8E1B-89F1089A4AC5}
		{3317F30A-A62C-474D-8D2B-B91605ECF202} = {50BD281E-51D9-4B12-87D3-39FF114C3E77}
		{218FC160-8F21-465C-9210-8535AA38168B} = {50BD281E-51D9-4B12-87D3-39FF114C3E77}
		{9DC3D9E0-63FD-4901-8203-0739F35E74BA} = {96784766-8C38-4BF9-A102-84FF0F1FFA50}
		{1908D09F-DA6F-4E6C-8AA7-963816BB05B1} = {96784766-8C38-4BF9-A102-84FF0F1FFA50}
		{361095E5-34FD-4987-BCE7-090D4E317918} = {1F665E11-0A93-41DE-A33D-26BF2CFC154B}
		{96FF9AA0-403C-419C-B689-6D009B6B7856} = {9630B084-77E1-4B22-8E2D-91C494F66AB0}
		{5232684A-99B3-408B-BD4F-C532FC236D2B} = {96FF9AA0-403C-419C-B689-6D009B6B7856}
		{16F35917-9906-45FD-81B6-B06FCC8D19B6} = {1F665E11-0A93-41DE-A33D-26BF2CFC154B}
		{03DD5CD7-C0D4-4C73-9262-D031C4931B6A} = {9630B084-77E1-4B22-8E2D-91C494F66AB0}
		{36151D99-6929-4365-9A30-53E6680F61EA} = {03DD5CD7-C0D4-4C73-9262-D031C4931B6A}
		{D4CEB1D8-4091-4786-999D-03BBD4BFB322} = {3EFE1A29-2A8C-45EA-8C87-9A815BC58792}
		{378B43F5-B7BC-471A-87A9-B1656A6B1531} = {E9EEC52A-E9B4-4202-8EBA-F9CF8040160D}
		{4EF559A7-8607-485F-8782-273B61B720A9} = {E9EEC52A-E9B4-4202-8EBA-F9CF8040160D}
		{A1724846-6E4A-4B5D-B27C-66AA65266138} = {E9EEC52A-E9B4-4202-8EBA-F9CF8040160D}
		{7E7A8D7D-87CF-420F-A72B-8F4A258BB48A} = {D79B978A-FC5B-434C-84B3-398D8DE224B4}
		{8CEA219C-079D-45D9-868D-14F6482785A4} = {D79B978A-FC5B-434C-84B3-398D8DE224B4}
		{27445E9D-2F52-473A-96AF-85FAC10BCCE0} = {BB38E6C9-7D40-4A7E-B3D0-3EEB878A4EBA}
		{3D1F0292-0CD7-4140-B463-D7EDB3122627} = {1F665E11-0A93-41DE-A33D-26BF2CFC154B}
		{74ABB0D9-288F-44EA-AD9A-B07B4F108C8B} = {03DD5CD7-C0D4-4C73-9262-D031C4931B6A}
		{2AF87E55-5C90-4454-AA47-BF8B14CBD874} = {03DD5CD7-C0D4-4C73-9262-D031C4931B6A}
		{441C1B38-48E4-4888-898F-CB5A9517B7A9} = {D79B978A-FC5B-434C-84B3-398D8DE224B4}
	EndGlobalSection
EndGlobal
